
Microsoft Visual Studio Solution File, Format Version 12.00
# Visual Studio Version 16
VisualStudioVersion = 16.0.30907.101
MinimumVisualStudioVersion = 10.0.40219.1
Project("{FAE04EC0-301F-11D3-BF4B-00C04F79EFBC}") = "DataAccess", "DataAccess\DataAccess.csproj", "{3F2123EB-74F6-4277-8FE4-8035BF1870B2}"
EndProject
Project("{FAE04EC0-301F-11D3-BF4B-00C04F79EFBC}") = "Business", "Business\Business.csproj", "{B0E201ED-10AD-4415-ABF2-CECA1EC6DFA9}"
EndProject
Project("{FAE04EC0-301F-11D3-BF4B-00C04F79EFBC}") = "Entities", "Entities\Entities.csproj", "{B15B08BC-F0C3-4680-AE70-05E3CA78A2D0}"
EndProject
Project("{FAE04EC0-301F-11D3-BF4B-00C04F79EFBC}") = "ConsoleProject", "Console\ConsoleProject.csproj", "{AF7AE26E-0627-44CC-8B19-927D9D8F3D8C}"
EndProject
Global
	GlobalSection(SolutionConfigurationPlatforms) = preSolution
		Debug|Any CPU = Debug|Any CPU
		Release|Any CPU = Release|Any CPU
	EndGlobalSection
	GlobalSection(ProjectConfigurationPlatforms) = postSolution
		{3F2123EB-74F6-4277-8FE4-8035BF1870B2}.Debug|Any CPU.ActiveCfg = Debug|Any CPU
		{3F2123EB-74F6-4277-8FE4-8035BF1870B2}.Debug|Any CPU.Build.0 = Debug|Any CPU
		{3F2123EB-74F6-4277-8FE4-8035BF1870B2}.Release|Any CPU.ActiveCfg = Release|Any CPU
		{3F2123EB-74F6-4277-8FE4-8035BF1870B2}.Release|Any CPU.Build.0 = Release|Any CPU
		{B0E201ED-10AD-4415-ABF2-CECA1EC6DFA9}.Debug|Any CPU.ActiveCfg = Debug|Any CPU
		{B0E201ED-10AD-4415-ABF2-CECA1EC6DFA9}.Debug|Any CPU.Build.0 = Debug|Any CPU
		{B0E201ED-10AD-4415-ABF2-CECA1EC6DFA9}.Release|Any CPU.ActiveCfg = Release|Any CPU
		{B0E201ED-10AD-4415-ABF2-CECA1EC6DFA9}.Release|Any CPU.Build.0 = Release|Any CPU
		{B15B08BC-F0C3-4680-AE70-05E3CA78A2D0}.Debug|Any CPU.ActiveCfg = Debug|Any CPU
		{B15B08BC-F0C3-4680-AE70-05E3CA78A2D0}.Debug|Any CPU.Build.0 = Debug|Any CPU
		{B15B08BC-F0C3-4680-AE70-05E3CA78A2D0}.Release|Any CPU.ActiveCfg = Release|Any CPU
		{B15B08BC-F0C3-4680-AE70-05E3CA78A2D0}.Release|Any CPU.Build.0 = Release|Any CPU
		{AF7AE26E-0627-44CC-8B19-927D9D8F3D8C}.Debug|Any CPU.ActiveCfg = Debug|Any CPU
		{AF7AE26E-0627-44CC-8B19-927D9D8F3D8C}.Debug|Any CPU.Build.0 = Debug|Any CPU
		{AF7AE26E-0627-44CC-8B19-927D9D8F3D8C}.Release|Any CPU.ActiveCfg = Release|Any CPU
		{AF7AE26E-0627-44CC-8B19-927D9D8F3D8C}.Release|Any CPU.Build.0 = Release|Any CPU
	EndGlobalSection
	GlobalSection(SolutionProperties) = preSolution
		HideSolutionNode = FALSE
	EndGlobalSection
	GlobalSection(ExtensibilityGlobals) = postSolution
		SolutionGuid = {6B135A98-A98E-4CC5-AFCD-20683AE561A1}
	EndGlobalSection
EndGlobal
